
Microsoft Visual Studio Solution File, Format Version 12.00
# Visual Studio Version 16
VisualStudioVersion = 16.0.29020.237
MinimumVisualStudioVersion = 10.0.40219.1
Project("{9A19103F-16F7-4668-BE54-9A1E7A4F7556}") = "Ex1", "Ex1\Ex1.csproj", "{51159FF0-0F5A-4DA5-8323-9080C314C300}"
EndProject
Project("{FAE04EC0-301F-11D3-BF4B-00C04F79EFBC}") = "Ex2", "Ex2\Ex2.csproj", "{17A2C449-F5D5-4E89-A5C8-CEA95A2894CA}"
EndProject
Global
	GlobalSection(SolutionConfigurationPlatforms) = preSolution
		Debug|Any CPU = Debug|Any CPU
		Release|Any CPU = Release|Any CPU
	EndGlobalSection
	GlobalSection(ProjectConfigurationPlatforms) = postSolution
		{51159FF0-0F5A-4DA5-8323-9080C314C300}.Debug|Any CPU.ActiveCfg = Debug|Any CPU
		{51159FF0-0F5A-4DA5-8323-9080C314C300}.Debug|Any CPU.Build.0 = Debug|Any CPU
		{51159FF0-0F5A-4DA5-8323-9080C314C300}.Release|Any CPU.ActiveCfg = Release|Any CPU
		{51159FF0-0F5A-4DA5-8323-9080C314C300}.Release|Any CPU.Build.0 = Release|Any CPU
		{17A2C449-F5D5-4E89-A5C8-CEA95A2894CA}.Debug|Any CPU.ActiveCfg = Debug|Any CPU
		{17A2C449-F5D5-4E89-A5C8-CEA95A2894CA}.Debug|Any CPU.Build.0 = Debug|Any CPU
		{17A2C449-F5D5-4E89-A5C8-CEA95A2894CA}.Release|Any CPU.ActiveCfg = Release|Any CPU
		{17A2C449-F5D5-4E89-A5C8-CEA95A2894CA}.Release|Any CPU.Build.0 = Release|Any CPU
	EndGlobalSection
	GlobalSection(SolutionProperties) = preSolution
		HideSolutionNode = FALSE
	EndGlobalSection
	GlobalSection(ExtensibilityGlobals) = postSolution
		SolutionGuid = {28D0DE35-FC48-4CA0-BF14-85FF3D2FE2A3}
	EndGlobalSection
EndGlobal
